
Microsoft Visual Studio Solution File, Format Version 12.00
# Visual Studio Version 17
VisualStudioVersion = 17.2.32526.322
MinimumVisualStudioVersion = 10.0.40219.1
Project("{FAE04EC0-301F-11D3-BF4B-00C04F79EFBC}") = "CubeTetraOcta", "CubeTetraOcta\CubeTetraOcta.csproj", "{70847B89-0ECA-4657-A2A6-736FB111420D}"
EndProject
Global
	GlobalSection(SolutionConfigurationPlatforms) = preSolution
		Debug|Any CPU = Debug|Any CPU
		Release|Any CPU = Release|Any CPU
	EndGlobalSection
	GlobalSection(ProjectConfigurationPlatforms) = postSolution
		{70847B89-0ECA-4657-A2A6-736FB111420D}.Debug|Any CPU.ActiveCfg = Debug|Any CPU
		{70847B89-0ECA-4657-A2A6-736FB111420D}.Debug|Any CPU.Build.0 = Debug|Any CPU
		{70847B89-0ECA-4657-A2A6-736FB111420D}.Release|Any CPU.ActiveCfg = Release|Any CPU
		{70847B89-0ECA-4657-A2A6-736FB111420D}.Release|Any CPU.Build.0 = Release|Any CPU
	EndGlobalSection
	GlobalSection(SolutionProperties) = preSolution
		HideSolutionNode = FALSE
	EndGlobalSection
	GlobalSection(ExtensibilityGlobals) = postSolution
		SolutionGuid = {0E85CA9A-3418-488F-863F-77F9EE530CE6}
	EndGlobalSection
EndGlobal
